{
  "nodes": {
    "agenix": {
      "inputs": {
        "nixpkgs": [
          "nixpkgs"
        ]
      },
      "locked": {
        "lastModified": 1637439787,
        "narHash": "sha256-+ov6MEVmyVdJBjRZxqPdhURLUkIgallbS5eqDVHh+gs=",
        "owner": "ryantm",
        "repo": "agenix",
        "rev": "4fefd7cfffd548c04510c69c3f3e8e2be032412f",
        "type": "github"
      },
      "original": {
        "owner": "ryantm",
        "ref": "0.10.1",
        "repo": "agenix",
        "type": "github"
      }
    },
    "emacs-overlay": {
      "inputs": {
        "flake-utils": "flake-utils",
        "nixpkgs": "nixpkgs"
      },
      "locked": {
        "lastModified": 1652613188,
        "narHash": "sha256-vHp4U0y0w0ntf4LF8zk0FTbTkwiiJtbs78eSYQVSABw=",
        "owner": "nix-community",
        "repo": "emacs-overlay",
        "rev": "972925e3f1b6724eaf6a896f1ae9390d205fcaae",
        "type": "github"
      },
      "original": {
        "owner": "nix-community",
        "repo": "emacs-overlay",
        "type": "github"
      }
    },
    "flake-utils": {
      "locked": {
        "lastModified": 1652557277,
        "narHash": "sha256-jSes9DaIVMdmwBB78KkFUVrlDzawmD62vrUg0GS2500=",
        "owner": "numtide",
        "repo": "flake-utils",
        "rev": "12806d31a381e7cd169a6bac35590e7b36dc5fe5",
        "type": "github"
      },
      "original": {
        "owner": "numtide",
        "repo": "flake-utils",
        "type": "github"
      }
    },
    "home-manager": {
      "inputs": {
        "nixpkgs": [
          "nixpkgs"
        ]
      },
      "locked": {
        "lastModified": 1651519540,
        "narHash": "sha256-3k6p8VsTwwRPQjE8rrMh+o2AZACZn/eeYJ7ivdQ/Iro=",
        "owner": "rycee",
        "repo": "home-manager",
        "rev": "d93d56ab8c1c6aa575854a79b9d2f69d491db7d0",
        "type": "github"
      },
      "original": {
        "owner": "rycee",
        "ref": "release-21.11",
        "repo": "home-manager",
        "type": "github"
      }
    },
    "nixos-hardware": {
      "locked": {
        "lastModified": 1650522846,
        "narHash": "sha256-SxWHXRI3qJwswyXAtzsi6PKVY3KLNNnb072KaJthII8=",
        "owner": "nixos",
        "repo": "nixos-hardware",
        "rev": "6b4ebea9093c997c5f275c820e679108de4871ab",
        "type": "github"
      },
      "original": {
        "owner": "nixos",
        "repo": "nixos-hardware",
        "type": "github"
      }
    },
    "nixpkgs": {
      "locked": {
        "lastModified": 1652574577,
        "narHash": "sha256-MoSWPtue4Wi9+kRDxUbLWEBCL8Bswaa8kVMh2JYpSJg=",
        "owner": "NixOS",
        "repo": "nixpkgs",
        "rev": "118ec238bfb788a34f1d53c4d95931fadfa70367",
        "type": "github"
      },
      "original": {
        "id": "nixpkgs",
        "type": "indirect"
      }
    },
    "nixpkgs-unstable": {
      "locked": {
        "lastModified": 1652467128,
        "narHash": "sha256-1wuQ7QgPQ3tugYcoVMJ3pUzl4wVdBzKZr9qtJAgA4VI=",
        "owner": "NixOS",
        "repo": "nixpkgs",
        "rev": "fb222e008681fce4608e94f2d1dfdf3d03a364c4",
        "type": "github"
      },
      "original": {
        "id": "nixpkgs",
        "ref": "nixos-unstable",
        "type": "indirect"
      }
    },
    "nixpkgs_2": {
      "locked": {
        "lastModified": 1652530570,
        "narHash": "sha256-GWRrbUv9l1GSyBkj39s9AqNLX1l3rzVOwvnuG4WYM+E=",
        "owner": "NixOS",
        "repo": "nixpkgs",
        "rev": "4c560cc7ee57e1fb28e6fd7bdacdf01f948f8a91",
        "type": "github"
      },
      "original": {
        "id": "nixpkgs",
        "ref": "nixos-21.11",
        "type": "indirect"
      }
    },
    "root": {
      "inputs": {
        "agenix": "agenix",
        "emacs-overlay": "emacs-overlay",
        "home-manager": "home-manager",
        "nixos-hardware": "nixos-hardware",
        "nixpkgs": "nixpkgs_2",
        "nixpkgs-unstable": "nixpkgs-unstable"
      }
    }
  },
  "root": "root",
  "version": 7
}
