{
  "nodes": {
    "nixpkgs": {
      "locked": {
        "lastModified": 1740357648,
        "narHash": "sha256-CaawdjLmSny3UV97my2Hg4h867p4lhd+EpRhFQGaHK4=",
        "owner": "NixOS",
        "repo": "nixpkgs",
        "rev": "060b03c5d950ee0592d16e97c63860640bd31f50",
        "type": "github"
      },
      "original": {
        "owner": "NixOS",
        "ref": "nixos-24.11-small",
        "repo": "nixpkgs",
        "type": "github"
      }
    },
    "root": {
      "inputs": {
        "nixpkgs": "nixpkgs"
      }
    }
  },
  "root": "root",
  "version": 7
}
